
Microsoft Visual Studio Solution File, Format Version 11.00
# Visual Studio 2010
Project("{E24C65DC-7377-472B-9ABA-BC803B73C61A}") = "Site", "Site\", "{27161EB0-642C-4988-8DBE-F7AF6FC2CFA6}"
	ProjectSection(WebsiteProperties) = preProject
		TargetFrameworkMoniker = ".NETFramework,Version%3Dv4.0"
		ProjectReferences = "{DECBF79A-F157-43CF-A248-E12E12E2BF59}|Core.dll;"
		Debug.AspNetCompiler.VirtualPath = "/Site"
		Debug.AspNetCompiler.PhysicalPath = "Site\"
		Debug.AspNetCompiler.TargetPath = "PrecompiledWeb\Site\"
		Debug.AspNetCompiler.Updateable = "true"
		Debug.AspNetCompiler.ForceOverwrite = "true"
		Debug.AspNetCompiler.FixedNames = "false"
		Debug.AspNetCompiler.Debug = "True"
		Release.AspNetCompiler.VirtualPath = "/Site"
		Release.AspNetCompiler.PhysicalPath = "Site\"
		Release.AspNetCompiler.TargetPath = "PrecompiledWeb\Site\"
		Release.AspNetCompiler.Updateable = "true"
		Release.AspNetCompiler.ForceOverwrite = "true"
		Release.AspNetCompiler.FixedNames = "false"
		Release.AspNetCompiler.Debug = "False"
		VWDPort = "8765"
		VWDDynamicPort = "false"
	EndProjectSection
EndProject
Project("{FAE04EC0-301F-11D3-BF4B-00C04F79EFBC}") = "Core", "Core\Core.csproj", "{DECBF79A-F157-43CF-A248-E12E12E2BF59}"
EndProject
Global
	GlobalSection(SolutionConfigurationPlatforms) = preSolution
		Debug|Any CPU = Debug|Any CPU
		Release|Any CPU = Release|Any CPU
	EndGlobalSection
	GlobalSection(ProjectConfigurationPlatforms) = postSolution
		{27161EB0-642C-4988-8DBE-F7AF6FC2CFA6}.Debug|Any CPU.ActiveCfg = Debug|Any CPU
		{27161EB0-642C-4988-8DBE-F7AF6FC2CFA6}.Debug|Any CPU.Build.0 = Debug|Any CPU
		{27161EB0-642C-4988-8DBE-F7AF6FC2CFA6}.Release|Any CPU.ActiveCfg = Debug|Any CPU
		{27161EB0-642C-4988-8DBE-F7AF6FC2CFA6}.Release|Any CPU.Build.0 = Debug|Any CPU
		{DECBF79A-F157-43CF-A248-E12E12E2BF59}.Debug|Any CPU.ActiveCfg = Debug|Any CPU
		{DECBF79A-F157-43CF-A248-E12E12E2BF59}.Debug|Any CPU.Build.0 = Debug|Any CPU
		{DECBF79A-F157-43CF-A248-E12E12E2BF59}.Release|Any CPU.ActiveCfg = Release|Any CPU
		{DECBF79A-F157-43CF-A248-E12E12E2BF59}.Release|Any CPU.Build.0 = Release|Any CPU
	EndGlobalSection
	GlobalSection(SolutionProperties) = preSolution
		HideSolutionNode = FALSE
	EndGlobalSection
EndGlobal
